
Microsoft Visual Studio Solution File, Format Version 12.00
# Visual Studio Version 17
VisualStudioVersion = 17.8.34330.188
MinimumVisualStudioVersion = 10.0.40219.1
Project("{FAE04EC0-301F-11D3-BF4B-00C04F79EFBC}") = "420J13AS-2024-RPSLS", "420J13AS-2024-RPSLS.csproj", "{88449877-DB42-4CF8-9840-C171E5AA9C2E}"
EndProject
Global
	GlobalSection(SolutionConfigurationPlatforms) = preSolution
		Debug|Any CPU = Debug|Any CPU
		Release|Any CPU = Release|Any CPU
	EndGlobalSection
	GlobalSection(ProjectConfigurationPlatforms) = postSolution
		{88449877-DB42-4CF8-9840-C171E5AA9C2E}.Debug|Any CPU.ActiveCfg = Debug|Any CPU
		{88449877-DB42-4CF8-9840-C171E5AA9C2E}.Debug|Any CPU.Build.0 = Debug|Any CPU
		{88449877-DB42-4CF8-9840-C171E5AA9C2E}.Release|Any CPU.ActiveCfg = Release|Any CPU
		{88449877-DB42-4CF8-9840-C171E5AA9C2E}.Release|Any CPU.Build.0 = Release|Any CPU
	EndGlobalSection
	GlobalSection(SolutionProperties) = preSolution
		HideSolutionNode = FALSE
	EndGlobalSection
	GlobalSection(ExtensibilityGlobals) = postSolution
		SolutionGuid = {ED75214A-543D-4EE5-9648-7C7912BACB04}
	EndGlobalSection
EndGlobal
